
Microsoft Visual Studio Solution File, Format Version 12.00
Project("{FAE04EC0-301F-11D3-BF4B-00C04F79EFBC}") = "Orchestrator", "Orchestrator\Orchestrator.csproj", "{9D2FC2D6-8076-4A8D-B83C-0851107A4E7E}"
EndProject
Project("{FAE04EC0-301F-11D3-BF4B-00C04F79EFBC}") = "Orchestrator.Tests", "Orchestrator.Tests\Orchestrator.Tests.csproj", "{35AEB32C-BD33-4B24-9963-09DCD7B66BF7}"
EndProject
Global
	GlobalSection(SolutionConfigurationPlatforms) = preSolution
		Debug|Any CPU = Debug|Any CPU
		Release|Any CPU = Release|Any CPU
	EndGlobalSection
	GlobalSection(ProjectConfigurationPlatforms) = postSolution
		{9D2FC2D6-8076-4A8D-B83C-0851107A4E7E}.Debug|Any CPU.ActiveCfg = Debug|Any CPU
		{9D2FC2D6-8076-4A8D-B83C-0851107A4E7E}.Debug|Any CPU.Build.0 = Debug|Any CPU
		{9D2FC2D6-8076-4A8D-B83C-0851107A4E7E}.Release|Any CPU.ActiveCfg = Release|Any CPU
		{9D2FC2D6-8076-4A8D-B83C-0851107A4E7E}.Release|Any CPU.Build.0 = Release|Any CPU
		{35AEB32C-BD33-4B24-9963-09DCD7B66BF7}.Debug|Any CPU.ActiveCfg = Debug|Any CPU
		{35AEB32C-BD33-4B24-9963-09DCD7B66BF7}.Debug|Any CPU.Build.0 = Debug|Any CPU
		{35AEB32C-BD33-4B24-9963-09DCD7B66BF7}.Release|Any CPU.ActiveCfg = Release|Any CPU
		{35AEB32C-BD33-4B24-9963-09DCD7B66BF7}.Release|Any CPU.Build.0 = Release|Any CPU
	EndGlobalSection
EndGlobal
